# Resolved runtime dependencies, verified on Python 3.12.14.
argon2-cffi==25.1.0
argon2-cffi-bindings==26.1.0
asgiref==3.12.1
cffi==2.1.1
click==8.5.0
cryptography==50.0.1
django==5.2.17
django-cors-headers==4.9.0
django-environ==0.14.0
djangorestframework==3.18.1
dlib==20.0.1
face-recognition==1.3.0
face-recognition-models==0.3.0
gunicorn==26.2.0
numpy==2.5.3
pillow==12.3.0
psycopg2-binary==2.9.13
pycparser==3.0
setuptools==80.10.2
sqlparse==0.6.0
whitenoise==6.12.0
# HTTPS transactional email delivery (Anymail / Resend).
django-anymail==15.2
requests==2.34.2
certifi==2026.7.22
charset-normalizer==3.5.1
idna==3.19
urllib3==2.8.0
